
Microsoft Visual Studio Solution File, Format Version 12.00
# Visual Studio 15
VisualStudioVersion = 15.0.28307.168
MinimumVisualStudioVersion = 10.0.40219.1
Project("{FAE04EC0-301F-11D3-BF4B-00C04F79EFBC}") = "Araç Kiralama Uygulaması", "Araç Kiralama Uygulaması\Araç Kiralama Uygulaması.csproj", "{853CA02C-1019-4639-9F99-B9A98F12B8FD}"
EndProject
Global
	GlobalSection(SolutionConfigurationPlatforms) = preSolution
		Debug|Any CPU = Debug|Any CPU
		Release|Any CPU = Release|Any CPU
	EndGlobalSection
	GlobalSection(ProjectConfigurationPlatforms) = postSolution
		{853CA02C-1019-4639-9F99-B9A98F12B8FD}.Debug|Any CPU.ActiveCfg = Debug|Any CPU
		{853CA02C-1019-4639-9F99-B9A98F12B8FD}.Debug|Any CPU.Build.0 = Debug|Any CPU
		{853CA02C-1019-4639-9F99-B9A98F12B8FD}.Release|Any CPU.ActiveCfg = Release|Any CPU
		{853CA02C-1019-4639-9F99-B9A98F12B8FD}.Release|Any CPU.Build.0 = Release|Any CPU
	EndGlobalSection
	GlobalSection(SolutionProperties) = preSolution
		HideSolutionNode = FALSE
	EndGlobalSection
	GlobalSection(ExtensibilityGlobals) = postSolution
		SolutionGuid = {0D4D9878-3071-48A2-ADED-9316BD957A13}
	EndGlobalSection
EndGlobal
